
Microsoft Visual Studio Solution File, Format Version 12.00
# Visual Studio Version 16
VisualStudioVersion = 16.0.29709.97
MinimumVisualStudioVersion = 10.0.40219.1
Project("{FAE04EC0-301F-11D3-BF4B-00C04F79EFBC}") = "MVC5Employees", "MVC5Employees\MVC5Employees.csproj", "{AEE04F32-E236-4037-A132-0FE68434D533}"
EndProject
Global
	GlobalSection(SolutionConfigurationPlatforms) = preSolution
		Debug|Any CPU = Debug|Any CPU
		Release|Any CPU = Release|Any CPU
	EndGlobalSection
	GlobalSection(ProjectConfigurationPlatforms) = postSolution
		{AEE04F32-E236-4037-A132-0FE68434D533}.Debug|Any CPU.ActiveCfg = Debug|Any CPU
		{AEE04F32-E236-4037-A132-0FE68434D533}.Debug|Any CPU.Build.0 = Debug|Any CPU
		{AEE04F32-E236-4037-A132-0FE68434D533}.Release|Any CPU.ActiveCfg = Release|Any CPU
		{AEE04F32-E236-4037-A132-0FE68434D533}.Release|Any CPU.Build.0 = Release|Any CPU
	EndGlobalSection
	GlobalSection(SolutionProperties) = preSolution
		HideSolutionNode = FALSE
	EndGlobalSection
	GlobalSection(ExtensibilityGlobals) = postSolution
		SolutionGuid = {D1A6CB4B-C281-4F60-A65D-7F67EAE840E4}
	EndGlobalSection
EndGlobal
